
Microsoft Visual Studio Solution File, Format Version 12.00
# Visual Studio Version 17
VisualStudioVersion = 17.9.34902.65
MinimumVisualStudioVersion = 10.0.40219.1
Project("{FAE04EC0-301F-11D3-BF4B-00C04F79EFBC}") = "KarapinhaXpto", "KarapinhaXpto\KarapinhaXpto.csproj", "{297D46FA-48EA-4162-8376-E2A5DA23BAC7}"
EndProject
Project("{FAE04EC0-301F-11D3-BF4B-00C04F79EFBC}") = "KarapinhaXpto.DAL", "KarapinhaXpto.DAL\KarapinhaXpto.DAL.csproj", "{4D850D6B-1D63-4054-A04F-C7E73F58FD26}"
EndProject
Project("{FAE04EC0-301F-11D3-BF4B-00C04F79EFBC}") = "KarapinhaXptos.DTO", "KarapinhaXptos.DTO\KarapinhaXptos.DTO.csproj", "{28AED5CF-4D98-4F66-90AC-6BFBE7AE3F41}"
EndProject
Project("{FAE04EC0-301F-11D3-BF4B-00C04F79EFBC}") = "KarapinhaXptos.Shared", "KarapinhaXptos.Shared\KarapinhaXptos.Shared.csproj", "{51FA9728-4B99-45DF-BCEE-A3C5A729D848}"
EndProject
Project("{FAE04EC0-301F-11D3-BF4B-00C04F79EFBC}") = "KarapinhaXpto.Models", "KarapinhaXpto.Models\KarapinhaXpto.Models.csproj", "{2528FAE5-09AF-4DE8-9B54-2DD78EFF2508}"
EndProject
Global
	GlobalSection(SolutionConfigurationPlatforms) = preSolution
		Debug|Any CPU = Debug|Any CPU
		Release|Any CPU = Release|Any CPU
	EndGlobalSection
	GlobalSection(ProjectConfigurationPlatforms) = postSolution
		{297D46FA-48EA-4162-8376-E2A5DA23BAC7}.Debug|Any CPU.ActiveCfg = Debug|Any CPU
		{297D46FA-48EA-4162-8376-E2A5DA23BAC7}.Debug|Any CPU.Build.0 = Debug|Any CPU
		{297D46FA-48EA-4162-8376-E2A5DA23BAC7}.Release|Any CPU.ActiveCfg = Release|Any CPU
		{297D46FA-48EA-4162-8376-E2A5DA23BAC7}.Release|Any CPU.Build.0 = Release|Any CPU
		{4D850D6B-1D63-4054-A04F-C7E73F58FD26}.Debug|Any CPU.ActiveCfg = Debug|Any CPU
		{4D850D6B-1D63-4054-A04F-C7E73F58FD26}.Debug|Any CPU.Build.0 = Debug|Any CPU
		{4D850D6B-1D63-4054-A04F-C7E73F58FD26}.Release|Any CPU.ActiveCfg = Release|Any CPU
		{4D850D6B-1D63-4054-A04F-C7E73F58FD26}.Release|Any CPU.Build.0 = Release|Any CPU
		{28AED5CF-4D98-4F66-90AC-6BFBE7AE3F41}.Debug|Any CPU.ActiveCfg = Debug|Any CPU
		{28AED5CF-4D98-4F66-90AC-6BFBE7AE3F41}.Debug|Any CPU.Build.0 = Debug|Any CPU
		{28AED5CF-4D98-4F66-90AC-6BFBE7AE3F41}.Release|Any CPU.ActiveCfg = Release|Any CPU
		{28AED5CF-4D98-4F66-90AC-6BFBE7AE3F41}.Release|Any CPU.Build.0 = Release|Any CPU
		{51FA9728-4B99-45DF-BCEE-A3C5A729D848}.Debug|Any CPU.ActiveCfg = Debug|Any CPU
		{51FA9728-4B99-45DF-BCEE-A3C5A729D848}.Debug|Any CPU.Build.0 = Debug|Any CPU
		{51FA9728-4B99-45DF-BCEE-A3C5A729D848}.Release|Any CPU.ActiveCfg = Release|Any CPU
		{51FA9728-4B99-45DF-BCEE-A3C5A729D848}.Release|Any CPU.Build.0 = Release|Any CPU
		{2528FAE5-09AF-4DE8-9B54-2DD78EFF2508}.Debug|Any CPU.ActiveCfg = Debug|Any CPU
		{2528FAE5-09AF-4DE8-9B54-2DD78EFF2508}.Debug|Any CPU.Build.0 = Debug|Any CPU
		{2528FAE5-09AF-4DE8-9B54-2DD78EFF2508}.Release|Any CPU.ActiveCfg = Release|Any CPU
		{2528FAE5-09AF-4DE8-9B54-2DD78EFF2508}.Release|Any CPU.Build.0 = Release|Any CPU
	EndGlobalSection
	GlobalSection(SolutionProperties) = preSolution
		HideSolutionNode = FALSE
	EndGlobalSection
	GlobalSection(ExtensibilityGlobals) = postSolution
		SolutionGuid = {1AF6483E-F0C3-4D63-918D-4A009098E95B}
	EndGlobalSection
EndGlobal
